
Microsoft Visual Studio Solution File, Format Version 12.00
# Visual Studio Version 16
VisualStudioVersion = 16.0.31702.278
MinimumVisualStudioVersion = 10.0.40219.1
Project("{FAE04EC0-301F-11D3-BF4B-00C04F79EFBC}") = "IDreadersender", "IDreadersender.csproj", "{290E8AA1-E272-4A1D-B7F7-3399AA5F4A67}"
EndProject
Global
	GlobalSection(SolutionConfigurationPlatforms) = preSolution
		Debug|Any CPU = Debug|Any CPU
		Release|Any CPU = Release|Any CPU
	EndGlobalSection
	GlobalSection(ProjectConfigurationPlatforms) = postSolution
		{290E8AA1-E272-4A1D-B7F7-3399AA5F4A67}.Debug|Any CPU.ActiveCfg = Debug|Any CPU
		{290E8AA1-E272-4A1D-B7F7-3399AA5F4A67}.Debug|Any CPU.Build.0 = Debug|Any CPU
		{290E8AA1-E272-4A1D-B7F7-3399AA5F4A67}.Release|Any CPU.ActiveCfg = Release|Any CPU
		{290E8AA1-E272-4A1D-B7F7-3399AA5F4A67}.Release|Any CPU.Build.0 = Release|Any CPU
	EndGlobalSection
	GlobalSection(SolutionProperties) = preSolution
		HideSolutionNode = FALSE
	EndGlobalSection
	GlobalSection(ExtensibilityGlobals) = postSolution
		SolutionGuid = {15DE83EE-3C56-4BF3-88FA-8C29FBA69627}
	EndGlobalSection
EndGlobal
